
Microsoft Visual Studio Solution File, Format Version 12.00
# Visual Studio Version 16
VisualStudioVersion = 16.0.31729.503
MinimumVisualStudioVersion = 10.0.40219.1
Project("{FAE04EC0-301F-11D3-BF4B-00C04F79EFBC}") = "BowlingGameKata", "BowlingGameKata\BowlingGameKata.csproj", "{4973EDD7-DC78-4895-A3B2-E158025689B5}"
EndProject
Global
	GlobalSection(SolutionConfigurationPlatforms) = preSolution
		Debug|Any CPU = Debug|Any CPU
		Release|Any CPU = Release|Any CPU
	EndGlobalSection
	GlobalSection(ProjectConfigurationPlatforms) = postSolution
		{4973EDD7-DC78-4895-A3B2-E158025689B5}.Debug|Any CPU.ActiveCfg = Debug|Any CPU
		{4973EDD7-DC78-4895-A3B2-E158025689B5}.Debug|Any CPU.Build.0 = Debug|Any CPU
		{4973EDD7-DC78-4895-A3B2-E158025689B5}.Release|Any CPU.ActiveCfg = Release|Any CPU
		{4973EDD7-DC78-4895-A3B2-E158025689B5}.Release|Any CPU.Build.0 = Release|Any CPU
	EndGlobalSection
	GlobalSection(SolutionProperties) = preSolution
		HideSolutionNode = FALSE
	EndGlobalSection
	GlobalSection(ExtensibilityGlobals) = postSolution
		SolutionGuid = {EA127D83-87A4-4F35-9F90-7EF5E0CA33F3}
	EndGlobalSection
EndGlobal
